
Microsoft Visual Studio Solution File, Format Version 12.00
# Visual Studio Version 17
VisualStudioVersion = 17.4.33205.214
MinimumVisualStudioVersion = 10.0.40219.1
Project("{FAE04EC0-301F-11D3-BF4B-00C04F79EFBC}") = "BiuroPodrozy-Zad_dom", "BiuroPodrozy-Zad_dom\BiuroPodrozy-Zad_dom.csproj", "{C7F72BF9-AEF8-4CA8-8964-BA2B31BE78B7}"
EndProject
Global
	GlobalSection(SolutionConfigurationPlatforms) = preSolution
		Debug|Any CPU = Debug|Any CPU
		Release|Any CPU = Release|Any CPU
	EndGlobalSection
	GlobalSection(ProjectConfigurationPlatforms) = postSolution
		{C7F72BF9-AEF8-4CA8-8964-BA2B31BE78B7}.Debug|Any CPU.ActiveCfg = Debug|Any CPU
		{C7F72BF9-AEF8-4CA8-8964-BA2B31BE78B7}.Debug|Any CPU.Build.0 = Debug|Any CPU
		{C7F72BF9-AEF8-4CA8-8964-BA2B31BE78B7}.Release|Any CPU.ActiveCfg = Release|Any CPU
		{C7F72BF9-AEF8-4CA8-8964-BA2B31BE78B7}.Release|Any CPU.Build.0 = Release|Any CPU
	EndGlobalSection
	GlobalSection(SolutionProperties) = preSolution
		HideSolutionNode = FALSE
	EndGlobalSection
	GlobalSection(ExtensibilityGlobals) = postSolution
		SolutionGuid = {6FD8031E-7447-4D60-BCD1-F4B706D51F79}
	EndGlobalSection
EndGlobal
